Microsoft Visual Studio Solution File, Format Version 12.00
# Visual Studio 2012
Project("{FAE04EC0-301F-11D3-BF4B-00C04F79EFBC}") = "kenney-jam-2024", "kenney-jam-2024.csproj", "{2ABF0E22-7377-4299-B97E-5AA4295AD28F}"
EndProject
Global
	GlobalSection(SolutionConfigurationPlatforms) = preSolution
	Debug|Any CPU = Debug|Any CPU
	ExportDebug|Any CPU = ExportDebug|Any CPU
	ExportRelease|Any CPU = ExportRelease|Any CPU
	EndGlobalSection
	GlobalSection(ProjectConfigurationPlatforms) = postSolution
		{2ABF0E22-7377-4299-B97E-5AA4295AD28F}.Debug|Any CPU.ActiveCfg = Debug|Any CPU
		{2ABF0E22-7377-4299-B97E-5AA4295AD28F}.Debug|Any CPU.Build.0 = Debug|Any CPU
		{2ABF0E22-7377-4299-B97E-5AA4295AD28F}.ExportDebug|Any CPU.ActiveCfg = ExportDebug|Any CPU
		{2ABF0E22-7377-4299-B97E-5AA4295AD28F}.ExportDebug|Any CPU.Build.0 = ExportDebug|Any CPU
		{2ABF0E22-7377-4299-B97E-5AA4295AD28F}.ExportRelease|Any CPU.ActiveCfg = ExportRelease|Any CPU
		{2ABF0E22-7377-4299-B97E-5AA4295AD28F}.ExportRelease|Any CPU.Build.0 = ExportRelease|Any CPU
	EndGlobalSection
EndGlobal
